github.com/Datadog/zstd v1.4.0 h1:ZUcTxdHuguehu3MmUnD1G9+cl7yjrzosl3z720yfRVg=
github.com/Datadog/zstd v1.4.0/go.mod h1:uZOuN0I34OW4Fyre2sFFjRfDdkTANjNH+PT5Ta1E8P0=
github.com/aristanetworks/goarista v0.0.0-20190628180533-8e7d5b18fe7a h1:AtHySZzzzJyE9NDlY3MNxkR12HsSxE1QmntYzuc0uEw=
github.com/aristanetworks/goarista v0.0.0-20190628180533-8e7d5b18fe7a/go.mod h1:D/tb0zPVXnP7fmsLZjtdUhSsumbK/ij54UXjjVgMGxQ=
github.com/davecgh/go-spew v1.1.0/go.mod h1:J7Y8YcW2NihsgmVo/mv3lAwl/skON4iLHjSsI+c5H38=
github.com/davecgh/go-spew v1.1.1 h1:vj9j/u1bqnvCEfJOwUhtlOARqs3+rkHYY13jYWTU97c=
github.com/davecgh/go-spew v1.1.1/go.mod h1:J7Y8YcW2NihsgmVo/mv3lAwl/skON4iLHjSsI+c5H38=
github.com/dsnet/golib/unitconv v0.0.0-20190531212259-571cdbcff553/go.mod h1:86KTUtTJFLreKjc4sS9xE0rhj4lR44Ox0rEQSEXSWwM=
github.com/dustin/go-humanize v1.0.0 h1:VSnTsYCnlFHaM2/igO1h6X3HA71jcobQuxemgkq4zYo=
github.com/dustin/go-humanize v1.0.0/go.mod h1:HtrtbFcZ19U5GC7JDqmcUSB87Iq5E25KnS6fMYU6eOk=
github.com/efarrer/iothrottler v0.0.0-20141121142253-60e7e547c7fe h1:WAx1vRufH0I2pTWldQkXPzpc+jndCOi2FH334LFQ1PI=
github.com/efarrer/iothrottler v0.0.0-20141121142253-60e7e547c7fe/go.mod h1:zjXkUoNEq44qYz/1TlzBhN2W21rDU3HvDBiJWQAZTq8=
github.com/getlantern/context v0.0.0-20190109183933-c447772a6520 h1:NRUJuo3v3WGC/g5YiyF790gut6oQr5f3FBI88Wv0dx4=
github.com/getlantern/context v0.0.0-20190109183933-c447772a6520/go.mod h1:L+mq6/vvYHKjCX2oez0CgEAJmbq1fbb/oNJIWQkBybY=
github.com/getlantern/errors v0.0.0-20190325191628-abdb3e3e36f7 h1:6uJ+sZ/e03gkbqZ0kUG6mfKoqDb4XMAzMIwlajq19So=
github.com/getlantern/errors v0.0.0-20190325191628-abdb3e3e36f7/go.mod h1:l+xpFBrCtDLpK9qNjxs+cHU6+BAdlBaxHqikB6Lku3A=
github.com/getlantern/fdcount v0.0.0-20170105153814-6a6cb5839bc5 h1:8Q9iN/V24EG01IgXEKVScth/rTXpplBxCYio/yIKtUw=
github.com/getlantern/fdcount v0.0.0-20170105153814-6a6cb5839bc5/go.mod h1:XZwE+iIlAgr64OFbXKFNCllBwV4wEipPx8Hlo2gZdbM=
github.com/getlantern/golog v0.0.0-20170508214112-cca714f7feb5 h1:Okd7vkn9CfIgDBj1ST/vtBTCfD/kxIhYD412K+FRKPc=
github.com/getlantern/golog v0.0.0-20170508214112-cca714f7feb5/go.mod h1:Vwx1Cg64gCdIalad44uvQsKZw6LsVczIKZrUBStEjVw=
github.com/getlantern/hex v0.0.0-20190417191902-c6586a6fe0b7 h1:micT5vkcr9tOVk1FiH8SWKID8ultN44Z+yzd2y/Vyb0=
github.com/getlantern/hex v0.0.0-20190417191902-c6586a6fe0b7/go.mod h1:dD3CgOrwlzca8ed61CsZouQS5h5jIzkK9ZWrTcf0s+o=
github.com/getlantern/hidden v0.0.0-20190325191715-f02dbb02be55 h1:XYzSdCbkzOC0FDNrgJqGRo8PCMFOBFL9py72DRs7bmc=
github.com/getlantern/hidden v0.0.0-20190325191715-f02dbb02be55/go.mod h1:6mmzY2kW1TOOrVy+r41Za2MxXM+hhqTtY3oBKd2AgFA=
github.com/getlantern/idletiming v0.0.0-20190529182719-d2fbc83372a5 h1:laM1s/bxUH8xbbC9TBGWsOc7A0KCAPZMa4pdwO5e6Vw=
github.com/getlantern/idletiming v0.0.0-20190529182719-d2fbc83372a5/go.mod h1:MGP8kEgZGgAhvHISt0hJGQgxg/VAqGdw3+kSZBnfC/4=
github.com/getlantern/mockconn v0.0.0-20190403061815-a8ffa60494a6 h1:+aO65ByJw74kV8vXqvkj49P5RtIqyUObyeRTIxMz218=
github.com/getlantern/mockconn v0.0.0-20190403061815-a8ffa60494a6/go.mod h1:+F5GJ7qGpQ03DBtcOEyQpM30ix4BLswdaojecFtsdy8=
github.com/getlantern/mtime v0.0.0-20170117193331-ba114e4a82b0 h1:1VNkP55LM/W2IwWN+qi+5X3gZcEQHfj8X9E+FNxVgM4=
github.com/getlantern/mtime v0.0.0-20170117193331-ba114e4a82b0/go.mod h1:u537FS7ld4Whf7h7/0ql/myAudWWBNgeRhgE9XXH4Pk=
github.com/getlantern/netx v0.0.0-20190110220209-9912de6f94fd h1:mn98vs69Kqw56iKhR82mjk16Q1q5aDFFW0E89/QbXkQ=
github.com/getlantern/netx v0.0.0-20190110220209-9912de6f94fd/go.mod h1:wKdY0ikOgzrWSeB9UyBVKPRhjXQ+vTb+BPeJuypUuNE=
github.com/getlantern/ops v0.0.0-20190325191751-d70cb0d6f85f h1:wrYrQttPS8FHIRSlsrcuKazukx/xqO/PpLZzZXsF+EA=
github.com/getlantern/ops v0.0.0-20190325191751-d70cb0d6f85f/go.mod h1:D5ao98qkA6pxftxoqzibIBBrLSUli+kYnJqrgBf9cIA=
github.com/go-stack/stack v1.8.0 h1:5SgMzNM5HxrEjV0ww2lTmX6E2Izsfxas4+YHWRs3Lsk=
github.com/go-stack/stack v1.8.0/go.mod h1:v0f6uXyyMGvRgIKkXu+yp6POWl0qKG85gN/melR3HDY=
github.com/gogits/chardet v0.0.0-20150115103509-2404f7772561 h1:deE7ritpK04PgtpyVOS2TYcQEld9qLCD5b5EbVNOuLA=
github.com/gogits/chardet v0.0.0-20150115103509-2404f7772561/go.mod h1:YgYOrVn3Nj9Tq0EvjmFbphRytDj7JNRoWSStJZWDJTQ=
github.com/golang/protobuf v1.3.1 h1:YF8+flBXS5eO826T4nzqPrxfhQThhXl0YzfuUPu4SBg=
github.com/golang/protobuf v1.3.1/go.mod h1:6lQm79b+lXiMfvg/cZm0SGofjICqVBUtrP5yJMmIC1U=
github.com/google/go-cmp v0.3.0/go.mod h1:8QqcDgzrUqlUb/G2PQTWiueGozuR1884gddMywk6iLU=
github.com/hashicorp/golang-lru v0.5.1 h1:0hERBMJE1eitiLkihrMvRVBYAkpHzc/J3QdDN+dAcgU=
github.com/hashicorp/golang-lru v0.5.1/go.mod h1:/m3WP610KZHVQ1SGc6re/UDhFvYD7pJ4Ao+sR/qLZy8=
github.com/itchio/arkive v0.0.0-20180910214514-fc46d4d216ca h1:7GwKWo5CneaxzdUZ4/GJTna2L7wMtIgYy6M7MK0XoEc=
github.com/itchio/arkive v0.0.0-20180910214514-fc46d4d216ca/go.mod h1:AsMFt+VBCAYG/iC+CGwl1QVas0r8ogUn69kJkf96rLE=
github.com/itchio/arkive v0.0.0-20190702114012-1bb6c7241ec3 h1:UcZnU7qzWTmZf8v7F3mC79H98I0b77pZz+99vqHFwtI=
github.com/itchio/arkive v0.0.0-20190702114012-1bb6c7241ec3/go.mod h1:/MAMeMlpquFOD0/pXvk5+2uxV9S6UXcdj6YtesJWPAI=
github.com/itchio/dskompress v0.0.0-20180114183327-75b00f4ea5db h1:gshksokGmYTBiS+yg0kbprN9GSd+ZFhbaJFlWNHzfJo=
github.com/itchio/dskompress v0.0.0-20180114183327-75b00f4ea5db/go.mod h1:MsJsjySUL2hfxYwXq+T4P6Qo0EtiXcd1ED5zTX556To=
github.com/itchio/dskompress v0.0.0-20190702113811-5e6f499be697 h1:u3Q2WkrIPYlGEw4fjcImSOrkivWd6SVb0BF0Ehoih9c=
github.com/itchio/dskompress v0.0.0-20190702113811-5e6f499be697/go.mod h1:clqOV8HXYpbDC3Bzia6urYIkfgwP1FnDr/C0q8KELmo=
github.com/itchio/eos v0.0.0-20190702180533-a0c565ec2a43/go.mod h1:+GMzmsl8CWp+HltzaEb84nRFeyil+7OXVjGvgtvQ8Vc=
github.com/itchio/eos v0.0.0-20190702180742-56bb53a0a101/go.mod h1:RJcfD+GGt4BBIlbEXMB9KAltX09oMON26YnOY9z8DYQ=
github.com/itchio/eos v0.0.0-20190702181420-525606a387f4 h1:0rGZD/VM4A/B1WHZdJ/Y6sGwDPZLKRkl/3MSeNGPHuQ=
github.com/itchio/eos v0.0.0-20190702181420-525606a387f4/go.mod h1:v1K9MZ8xgPBXRXM1QBoCZzubBz0N57RWPVM3a8dgmGo=
github.com/itchio/go-brotli v0.0.0-20180109133403-29899a447037 h1:1pJjH7sCrA4WeqRGVUbSHcUSJPPlYkjH8JZH7Gescy8=
github.com/itchio/go-brotli v0.0.0-20180109133403-29899a447037/go.mod h1:phRC2CNxEo1e9F0o8pk6Vbll+3oDlrHKOLXKnTUJ7Q4=
github.com/itchio/go-brotli v0.0.0-20190702114328-3f28d645a45c h1:Jf20xV/yR/O6eSUqLTuXhka/+54YR59sGwN7b3MkxYk=
github.com/itchio/go-brotli v0.0.0-20190702114328-3f28d645a45c/go.mod h1:oRXh43p/JW9kWosasd+2kHfDpb1ec4m7YrZ5E39s1iI=
github.com/itchio/headway v0.0.0-20190702175331-a4c65c5306de h1:RQW9xPqYtvjdHHRZR95XsaEA9B4URCuNHK78IuJcc+Y=
github.com/itchio/headway v0.0.0-20190702175331-a4c65c5306de/go.mod h1:Iif+7HeesRB0PvTYf0gOIFX8lj0za0SUsWryENQYt1E=
github.com/itchio/httpkit v0.0.0-20190702085644-0636c33a1bcf h1:pNXSh+g4pPYdjdHTeq/OoXoMMWPPLw0Jw+oppfoW3n0=
github.com/itchio/httpkit v0.0.0-20190702085644-0636c33a1bcf/go.mod h1:FrHFbR76cgBWg9t9YKfrYcIeoflFFEF/FtP3namwM6Y=
github.com/itchio/httpkit v0.0.0-20190702180702-5f405324454d/go.mod h1:p7x9HeOlKu7kkCT61a0uvwFkP2vnQmGFG2un1DFX86Y=
github.com/itchio/httpkit v0.0.0-20190702180847-a60f0433f2d8/go.mod h1:W28DE7EhpaOiNA57xotM6rykDhhNM4Cq80XT5ClyES8=
github.com/itchio/httpkit v0.0.0-20190702181331-5f0f36964b0c/go.mod h1:0+baZsWuAUfhyc2a3UeqKrRrf5oSaFT/TgwqP4X2FGE=
github.com/itchio/httpkit v0.0.0-20190702181558-e26e2b9ba3dd h1:I0aQA7gvLj7L/Hv5hVeb6MF9/jffBvNX2ZVqGg9X5Rc=
github.com/itchio/httpkit v0.0.0-20190702181558-e26e2b9ba3dd/go.mod h1:UBdiIaRwbSJKEhl+4a8+rD3WrwNhbzvCkI/BmyeGQbQ=
github.com/itchio/kompress v0.0.0-20180114163554-a19876f8c9b7 h1:gqIRCYkzS+k4wU9bkNTeHuvsx9y1/c4nO7Tlfa2GFUw=
github.com/itchio/kompress v0.0.0-20180114163554-a19876f8c9b7/go.mod h1:cndTC6AwISkqfqzv503ekq6c7StsrYHGi3pJ9NEYLhs=
github.com/itchio/kompress v0.0.0-20190702090658-5e2558a00102 h1:QXEwRXrrx+7CxU+Y+G4GpDk4mUeHbP7grMXHhydk8qU=
github.com/itchio/kompress v0.0.0-20190702090658-5e2558a00102/go.mod h1:YEdp1gs/LrGWRcZwYkw7MXli8lIcApwk6fgkAR+3moI=
github.com/itchio/randsource v0.0.0-20190702180323-5af3f0462479 h1:Ph8WIhp7oid4CuYirT745Tk9/+P7U1PhujhI2sDWTIY=
github.com/itchio/randsource v0.0.0-20190702180323-5af3f0462479/go.mod h1:lKWkyaS6DHSVoxVLw7mIeD+po2Kvwv1Hiy8+7VR1zZc=
github.com/itchio/savior v0.0.0-20190430155913-9d507713b837 h1:l6xA+7sk+9dogSTw1CPX/voRGWmzW0E68dRe6jpl8tg=
github.com/itchio/savior v0.0.0-20190430155913-9d507713b837/go.mod h1:4w1REDB38i9+DIVw2+3X2w3FpW5K8v8rcO7OV7GaDs8=
github.com/itchio/savior v0.0.0-20190702114049-0bf2b7091609 h1:2tkp7myES1FfA6jr+nvgjLXTpFQH7/lGaDpT1nToDPw=
github.com/itchio/savior v0.0.0-20190702114049-0bf2b7091609/go.mod h1:FrqeQWn0tK7eF/EeckCZBnXbWbt+znl5h8tBBaQ32nE=
github.com/itchio/savior v0.0.0-20190702181252-4d429729947d/go.mod h1:UqQ9soo8gOAnyeuBFTIUt6qKJmIdQP6D3YVLXJd3Sng=
github.com/itchio/savior v0.0.0-20190702181621-ae941f7a6d9b h1:EKJfIzWqXDGfzCGm0lmVPDXTjM+pRdEOmzxzBMsYr6Y=
github.com/itchio/savior v0.0.0-20190702181621-ae941f7a6d9b/go.mod h1:UqQ9soo8gOAnyeuBFTIUt6qKJmIdQP6D3YVLXJd3Sng=
github.com/itchio/wharf v0.0.0-20181213155255-5c074d8f87a4/go.mod h1:+POTUNOKzhCiFy3BM0Qb7RHLTHazlOcypTnt7QbOeks=
github.com/itchio/wharf v0.0.0-20190702115118-cbf9f8e600cd/go.mod h1:lXU80tYAjAr4si6jF2uQeLDJ1M2q8haqZq5LelsdYMw=
github.com/jgallagher/gosaca v0.0.0-20130226042358-754749770f08 h1:VlCjOBMvVsqr/L/w7k4CW8WEQog5Hj53CihNyYyvvo4=
github.com/jgallagher/gosaca v0.0.0-20130226042358-754749770f08/go.mod h1:iU7U0LShC+6Wjkkymyl3dpCZyiDSGnY4N4DY+xt3yNg=
github.com/klauspost/compress v1.7.1 h1:VRD0WLa8rweLB7alA5WMSVkoAtrI8xou5RrNd4JUlR0=
github.com/klauspost/compress v1.7.1/go.mod h1:RyIbtBH6LamlWaDj8nUwkbUhJ87Yi3uG0guNDohfE1A=
github.com/klauspost/cpuid v1.2.1 h1:vJi+O/nMdFt0vqm8NZBI6wzALWdA2X+egi0ogNyrC/w=
github.com/klauspost/cpuid v1.2.1/go.mod h1:Pj4uuM528wm8OyEC2QMXAi2YiTZ96dNQPGgoMS4s3ek=
github.com/oxtoacart/bpool v0.0.0-20190530202638-03653db5a59c h1:rp5dCmg/yLR3mgFuSOe4oEnDDmGLROTvMragMUXpTQw=
github.com/oxtoacart/bpool v0.0.0-20190530202638-03653db5a59c/go.mod h1:X07ZCGwUbLaax7L0S3Tw4hpejzu63ZrrQiUe6W0hcy0=
github.com/pkg/errors v0.8.1 h1:iURUrRGxPUNPdy5/HRSm+Yj6okJ6UtLINN0Q9M4+h3I=
github.com/pkg/errors v0.8.1/go.mod h1:bwawxfHBFNV+L2hUp1rHADufV3IMtnDRdf1r5NINEl0=
github.com/pmezard/go-difflib v1.0.0 h1:4DBwDE0NGyQoBHbLQYPwSUPoCMWR5BEzIk/f1lZbAQM=
github.com/pmezard/go-difflib v1.0.0/go.mod h1:iKH77koFhYxTK1pcRnkKkqfTogsbg7gZNVY4sRDYZ/4=
github.com/saintfish/chardet v0.0.0-20120816061221-3af4cd4741ca h1:NugYot0LIVPxTvN8n+Kvkn6TrbMyxQiuvKdEwFdR9vI=
github.com/saintfish/chardet v0.0.0-20120816061221-3af4cd4741ca/go.mod h1:uugorj2VCxiV1x+LzaIdVa9b4S4qGAcH6cbhh4qVxOU=
github.com/stretchr/objx v0.1.0/go.mod h1:HFkY916IF+rwdDfMAkV7OtwuqBVzrE8GR6GFx+wExME=
github.com/stretchr/objx v0.2.0/go.mod h1:qt09Ya8vawLte6SNmTgCsAVtYtaKzEcn8ATUoHMkEqE=
github.com/stretchr/testify v1.3.0 h1:TivCn/peBQ7UY8ooIcPgZFpTNSz0Q2U6UrFlUfqbe0Q=
github.com/stretchr/testify v1.3.0/go.mod h1:M5WIy9Dh21IEIfnGCwXGc5bZfKNJtfHm1UVUgZn+9EI=
github.com/stretchr/testify v1.3.1-0.20190311161405-34c6fa2dc709 h1:Ko2LQMrRU+Oy/+EDBwX7eZ2jp3C47eDBB8EIhKTun+I=
github.com/stretchr/testify v1.3.1-0.20190311161405-34c6fa2dc709/go.mod h1:M5WIy9Dh21IEIfnGCwXGc5bZfKNJtfHm1UVUgZn+9EI=
github.com/ulikunitz/xz v0.5.6/go.mod h1:2bypXElzHzzJZwzH67Y6wb67pO62Rzfn7BSiF4ABRW8=
golang.org/x/crypto v0.0.0-20190308221718-c2843e01d9a2/go.mod h1:djNgcEr1/C05ACkg1iLfiJU5Ep61QUkGW8qpdssI0+w=
golang.org/x/crypto v0.0.0-20190701094942-4def268fd1a4 h1:HuIa8hRrWRSrqYzx1qI49NNxhdi2PrY7gxVSq1JjLDc=
golang.org/x/crypto v0.0.0-20190701094942-4def268fd1a4/go.mod h1:yigFU9vqHzYiE8UmvKecakEJjdnWj3jj499lnFckfCI=
golang.org/x/net v0.0.0-20190404232315-eb5bcb51f2a3/go.mod h1:t9HGtf8HONx5eT2rtn7q6eTqICYqUVnKs3thJo3Qplg=
golang.org/x/net v0.0.0-20190620200207-3b0461eec859/go.mod h1:z5CRVTTTmAJ677TzLLGU+0bjPO0LkuOLi4/5GtJWs/s=
golang.org/x/net v0.0.0-20190628185345-da137c7871d7 h1:rTIdg5QFRR7XCaK4LCjBiPbx8j4DQRpdYMnGn/bJUEU=
golang.org/x/net v0.0.0-20190628185345-da137c7871d7/go.mod h1:z5CRVTTTmAJ677TzLLGU+0bjPO0LkuOLi4/5GtJWs/s=
golang.org/x/sync v0.0.0-20190423024810-112230192c58/go.mod h1:RxMgew5VJxzue5/jJTE5uejpjVlOe/izrB70Jof72aM=
golang.org/x/sys v0.0.0-20190215142949-d0b11bdaac8a/go.mod h1:STP8DvDyc/dI5b8T5hshtkjS+E42TnysNCUPdjciGhY=
golang.org/x/sys v0.0.0-20190412213103-97732733099d/go.mod h1:h1NjWce9XRLGQEsW7wpKNCjG9DtNlClVuFLEZdDNbEs=
golang.org/x/sys v0.0.0-20190626221950-04f50cda93cb h1:fgwFCsaw9buMuxNd6+DQfAuSFqbNiQZpcgJQAgJsK6k=
golang.org/x/sys v0.0.0-20190626221950-04f50cda93cb/go.mod h1:h1NjWce9XRLGQEsW7wpKNCjG9DtNlClVuFLEZdDNbEs=
golang.org/x/text v0.3.0/go.mod h1:NqM8EUOU14njkJ3fqMW+pc6Ldnwhi/IjpwHt7yyuwOQ=
golang.org/x/text v0.3.2 h1:tW2bmiBqwgJj/UpqtC8EpXEZVYOwU0yG4iWbprSVAcs=
golang.org/x/text v0.3.2/go.mod h1:bEr9sfX3Q8Zfm5fL9x+3itogRgK3+ptLWKqgva+5dAk=
golang.org/x/tools v0.0.0-20180917221912-90fa682c2a6e/go.mod h1:n7NCudcB/nEzxVGmLbDWY5pfWTLqBcC2KZ6jyYvM4mQ=
golang.org/x/tools v0.0.0-20190701194522-38ae2c8f6412/go.mod h1:jcCCGcm9btYwXyDqrUWc6MKQKKGJCWEQ3AfLSRIbEuI=
golang.org/x/tools v0.0.0-20190702152245-7e72c71c505f/go.mod h1:jcCCGcm9btYwXyDqrUWc6MKQKKGJCWEQ3AfLSRIbEuI=
